
Microsoft Visual Studio Solution File, Format Version 12.00
# Visual Studio Version 16
VisualStudioVersion = 16.0.29411.108
MinimumVisualStudioVersion = 10.0.40219.1
Project("{9A19103F-16F7-4668-BE54-9A1E7A4F7556}") = "GildedRoseKata", "GildedRoseKata.csproj", "{D9EF234E-8E3A-4F0D-B599-8FCC934288CC}"
EndProject
Project("{FAE04EC0-301F-11D3-BF4B-00C04F79EFBC}") = "GildedRoseKata.Tests", "..\GildedRoseKata.Tests\GildedRoseKata.Tests.csproj", "{92E82524-3473-4AF8-A0C2-20D60C8EE9AA}"
EndProject
Global
	GlobalSection(SolutionConfigurationPlatforms) = preSolution
		Debug|Any CPU = Debug|Any CPU
		Release|Any CPU = Release|Any CPU
	EndGlobalSection
	GlobalSection(ProjectConfigurationPlatforms) = postSolution
		{D9EF234E-8E3A-4F0D-B599-8FCC934288CC}.Debug|Any CPU.ActiveCfg = Debug|Any CPU
		{D9EF234E-8E3A-4F0D-B599-8FCC934288CC}.Debug|Any CPU.Build.0 = Debug|Any CPU
		{D9EF234E-8E3A-4F0D-B599-8FCC934288CC}.Release|Any CPU.ActiveCfg = Release|Any CPU
		{D9EF234E-8E3A-4F0D-B599-8FCC934288CC}.Release|Any CPU.Build.0 = Release|Any CPU
		{92E82524-3473-4AF8-A0C2-20D60C8EE9AA}.Debug|Any CPU.ActiveCfg = Debug|Any CPU
		{92E82524-3473-4AF8-A0C2-20D60C8EE9AA}.Debug|Any CPU.Build.0 = Debug|Any CPU
		{92E82524-3473-4AF8-A0C2-20D60C8EE9AA}.Release|Any CPU.ActiveCfg = Release|Any CPU
		{92E82524-3473-4AF8-A0C2-20D60C8EE9AA}.Release|Any CPU.Build.0 = Release|Any CPU
	EndGlobalSection
	GlobalSection(SolutionProperties) = preSolution
		HideSolutionNode = FALSE
	EndGlobalSection
	GlobalSection(ExtensibilityGlobals) = postSolution
		SolutionGuid = {6FDFDB7C-9E06-4864-9883-709CC9F63090}
	EndGlobalSection
EndGlobal
